
Microsoft Visual Studio Solution File, Format Version 12.00
# Visual Studio 15
VisualStudioVersion = 15.0.27130.2010
MinimumVisualStudioVersion = 10.0.40219.1
Project("{FAE04EC0-301F-11D3-BF4B-00C04F79EFBC}") = "MVC_SalesApp", "MVC_SalesApp\MVC_SalesApp.csproj", "{1AE2A784-F54A-4DD5-9A38-BEB3CEB78666}"
EndProject
Global
	GlobalSection(SolutionConfigurationPlatforms) = preSolution
		Debug|Any CPU = Debug|Any CPU
		Release|Any CPU = Release|Any CPU
	EndGlobalSection
	GlobalSection(ProjectConfigurationPlatforms) = postSolution
		{1AE2A784-F54A-4DD5-9A38-BEB3CEB78666}.Debug|Any CPU.ActiveCfg = Debug|Any CPU
		{1AE2A784-F54A-4DD5-9A38-BEB3CEB78666}.Debug|Any CPU.Build.0 = Debug|Any CPU
		{1AE2A784-F54A-4DD5-9A38-BEB3CEB78666}.Release|Any CPU.ActiveCfg = Release|Any CPU
		{1AE2A784-F54A-4DD5-9A38-BEB3CEB78666}.Release|Any CPU.Build.0 = Release|Any CPU
	EndGlobalSection
	GlobalSection(SolutionProperties) = preSolution
		HideSolutionNode = FALSE
	EndGlobalSection
	GlobalSection(ExtensibilityGlobals) = postSolution
		SolutionGuid = {58891C81-A570-4AED-B8DB-EAA0F5815685}
	EndGlobalSection
EndGlobal
